
Microsoft Visual Studio Solution File, Format Version 12.00
# Visual Studio Version 16
VisualStudioVersion = 16.0.30523.141
MinimumVisualStudioVersion = 10.0.40219.1
Project("{FAE04EC0-301F-11D3-BF4B-00C04F79EFBC}") = "Yon.eBA.WebService.Sample", "Yon.eBA.WebService.Sample\Yon.eBA.WebService.Sample.csproj", "{A4F16702-B744-4C4A-A768-80E77C182CCF}"
EndProject
Global
	GlobalSection(SolutionConfigurationPlatforms) = preSolution
		Debug|Any CPU = Debug|Any CPU
		Release|Any CPU = Release|Any CPU
	EndGlobalSection
	GlobalSection(ProjectConfigurationPlatforms) = postSolution
		{A4F16702-B744-4C4A-A768-80E77C182CCF}.Debug|Any CPU.ActiveCfg = Debug|Any CPU
		{A4F16702-B744-4C4A-A768-80E77C182CCF}.Debug|Any CPU.Build.0 = Debug|Any CPU
		{A4F16702-B744-4C4A-A768-80E77C182CCF}.Release|Any CPU.ActiveCfg = Release|Any CPU
		{A4F16702-B744-4C4A-A768-80E77C182CCF}.Release|Any CPU.Build.0 = Release|Any CPU
	EndGlobalSection
	GlobalSection(SolutionProperties) = preSolution
		HideSolutionNode = FALSE
	EndGlobalSection
	GlobalSection(ExtensibilityGlobals) = postSolution
		SolutionGuid = {EA3A1D6F-2E2C-4119-A739-D39F16364F58}
	EndGlobalSection
EndGlobal
